
Microsoft Visual Studio Solution File, Format Version 12.00
# Visual Studio Version 17
VisualStudioVersion = 17.13.35825.156 d17.13
MinimumVisualStudioVersion = 10.0.40219.1
Project("{FAE04EC0-301F-11D3-BF4B-00C04F79EFBC}") = "Ejercicio1 T1", "Ejercicio1 T1\Ejercicio1 T1.csproj", "{3D6C227A-7848-49F5-8363-5B1B967C8DF5}"
EndProject
Project("{FAE04EC0-301F-11D3-BF4B-00C04F79EFBC}") = "Ejercicio2 T2", "Ejercicio2 T2\Ejercicio2 T2.csproj", "{D812BB9D-7CCC-4BF9-B5FF-F2A55D198190}"
EndProject
Project("{FAE04EC0-301F-11D3-BF4B-00C04F79EFBC}") = "Ejercicio3 T3", "Ejercicio3 T3\Ejercicio3 T3.csproj", "{AE681AF6-613F-4C78-B7B1-9EC37C3BE26B}"
EndProject
Global
	GlobalSection(SolutionConfigurationPlatforms) = preSolution
		Debug|Any CPU = Debug|Any CPU
		Release|Any CPU = Release|Any CPU
	EndGlobalSection
	GlobalSection(ProjectConfigurationPlatforms) = postSolution
		{3D6C227A-7848-49F5-8363-5B1B967C8DF5}.Debug|Any CPU.ActiveCfg = Debug|Any CPU
		{3D6C227A-7848-49F5-8363-5B1B967C8DF5}.Debug|Any CPU.Build.0 = Debug|Any CPU
		{3D6C227A-7848-49F5-8363-5B1B967C8DF5}.Release|Any CPU.ActiveCfg = Release|Any CPU
		{3D6C227A-7848-49F5-8363-5B1B967C8DF5}.Release|Any CPU.Build.0 = Release|Any CPU
		{D812BB9D-7CCC-4BF9-B5FF-F2A55D198190}.Debug|Any CPU.ActiveCfg = Debug|Any CPU
		{D812BB9D-7CCC-4BF9-B5FF-F2A55D198190}.Debug|Any CPU.Build.0 = Debug|Any CPU
		{D812BB9D-7CCC-4BF9-B5FF-F2A55D198190}.Release|Any CPU.ActiveCfg = Release|Any CPU
		{D812BB9D-7CCC-4BF9-B5FF-F2A55D198190}.Release|Any CPU.Build.0 = Release|Any CPU
		{AE681AF6-613F-4C78-B7B1-9EC37C3BE26B}.Debug|Any CPU.ActiveCfg = Debug|Any CPU
		{AE681AF6-613F-4C78-B7B1-9EC37C3BE26B}.Debug|Any CPU.Build.0 = Debug|Any CPU
		{AE681AF6-613F-4C78-B7B1-9EC37C3BE26B}.Release|Any CPU.ActiveCfg = Release|Any CPU
		{AE681AF6-613F-4C78-B7B1-9EC37C3BE26B}.Release|Any CPU.Build.0 = Release|Any CPU
	EndGlobalSection
	GlobalSection(SolutionProperties) = preSolution
		HideSolutionNode = FALSE
	EndGlobalSection
	GlobalSection(ExtensibilityGlobals) = postSolution
		SolutionGuid = {9231D9D6-94C5-4F6C-B3BB-55682F180AE7}
	EndGlobalSection
EndGlobal
